{
  "name": "fileorganiser",
  "version": "1.0.0",
  "lockfileVersion": 1,
  "requires": true,
  "dependencies": {
    "file-type": {
      "version": "12.0.0",
      "resolved": "https://registry.npmjs.org/file-type/-/file-type-12.0.0.tgz",
      "integrity": "sha512-VV3aQAyoV/fHl0I9uU3/DGjItgh5nylAoJPHOXkZXHW4nFFrxJnHR2xdVqsqyw/9fqYy80m+tS+Rf77w0FTKqg=="
    }
  }
}
